// !$*UTF8*$!
{
	archiveVersion = 1;
	classes = {
	};
	objectVersion = 55;
	objects = {

/* Begin PBXBuildFile section */
		48F65B793275E0F3F24466FB /* Pods_InfoNASA.framework in Frameworks */ = {isa = PBXBuildFile; fileRef = CA8F97391B0735217C5CC2C9 /* Pods_InfoNASA.framework */; };
		C20E2AC0273D24BB009A194D /* AppDelegate.swift in Sources */ = {isa = PBXBuildFile; fileRef = C20E2ABF273D24BB009A194D /* AppDelegate.swift */; };
		C20E2AC2273D24BB009A194D /* SceneDelegate.swift in Sources */ = {isa = PBXBuildFile; fileRef = C20E2AC1273D24BB009A194D /* SceneDelegate.swift */; };
		C20E2AC7273D24BB009A194D /* Main.storyboard in Resources */ = {isa = PBXBuildFile; fileRef = C20E2AC5273D24BB009A194D /* Main.storyboard */; };
		C20E2AC9273D24BC009A194D /* Assets.xcassets in Resources */ = {isa = PBXBuildFile; fileRef = C20E2AC8273D24BC009A194D /* Assets.xcassets */; };
		C20E2ACC273D24BC009A194D /* LaunchScreen.storyboard in Resources */ = {isa = PBXBuildFile; fileRef = C20E2ACA273D24BC009A194D /* LaunchScreen.storyboard */; };
		C22A9551275C0069005016FF /* StorageManager.swift in Sources */ = {isa = PBXBuildFile; fileRef = C22A9550275C0069005016FF /* StorageManager.swift */; };
		C22A9553275C22C5005016FF /* CacheManager.swift in Sources */ = {isa = PBXBuildFile; fileRef = C22A9552275C22C5005016FF /* CacheManager.swift */; };
		C23ADB50273D47840090A6C3 /* MainNavigationViewController.swift in Sources */ = {isa = PBXBuildFile; fileRef = C23ADB4F273D47840090A6C3 /* MainNavigationViewController.swift */; };
		C23ADB52273D4A790090A6C3 /* TabBarViewController.swift in Sources */ = {isa = PBXBuildFile; fileRef = C23ADB51273D4A790090A6C3 /* TabBarViewController.swift */; };
		C23ADB54273DAF2B0090A6C3 /* PODViewController.swift in Sources */ = {isa = PBXBuildFile; fileRef = C23ADB53273DAF2B0090A6C3 /* PODViewController.swift */; };
		C23ADB56273DBFC90090A6C3 /* NEOObjectsListsViewController.swift in Sources */ = {isa = PBXBuildFile; fileRef = C23ADB55273DBFC90090A6C3 /* NEOObjectsListsViewController.swift */; };
		C23ADB58273DBFF50090A6C3 /* EPICListViewController.swift in Sources */ = {isa = PBXBuildFile; fileRef = C23ADB57273DBFF50090A6C3 /* EPICListViewController.swift */; };
		C23ADB5A273E95FF0090A6C3 /* DataManager.swift in Sources */ = {isa = PBXBuildFile; fileRef = C23ADB59273E95FF0090A6C3 /* DataManager.swift */; };
		C27FEE8F27463656007D6CE2 /* NEOObject.swift in Sources */ = {isa = PBXBuildFile; fileRef = C27FEE8E27463656007D6CE2 /* NEOObject.swift */; };
		C27FEE9127465ACC007D6CE2 /* NEOObjectCell.swift in Sources */ = {isa = PBXBuildFile; fileRef = C27FEE9027465ACC007D6CE2 /* NEOObjectCell.swift */; };
		C2AEB4622771086D00E8778F /* PODObject.swift in Sources */ = {isa = PBXBuildFile; fileRef = C2AEB4612771086D00E8778F /* PODObject.swift */; };
		C2AEB4672771091400E8778F /* EPICObject.swift in Sources */ = {isa = PBXBuildFile; fileRef = C2AEB4662771091400E8778F /* EPICObject.swift */; };
		C2E92D47277358BA00D82079 /* NEOObjectListViewController.swift in Sources */ = {isa = PBXBuildFile; fileRef = C2E92D46277358BA00D82079 /* NEOObjectListViewController.swift */; };
		C2E92D4C2774894A00D82079 /* Extension + DateFormatter.swift in Sources */ = {isa = PBXBuildFile; fileRef = C2E92D4B2774894A00D82079 /* Extension + DateFormatter.swift */; };
		C2E92D4E2774982800D82079 /* NEOObjectCellButton.swift in Sources */ = {isa = PBXBuildFile; fileRef = C2E92D4D2774982800D82079 /* NEOObjectCellButton.swift */; };
		C2EDC6162761EDA200C4F722 /* NEOObjectDetailedViewController.swift in Sources */ = {isa = PBXBuildFile; fileRef = C2EDC6152761EDA200C4F722 /* NEOObjectDetailedViewController.swift */; };
		C2EDC618276219B200C4F722 /* EPICDetailedViewController.swift in Sources */ = {isa = PBXBuildFile; fileRef = C2EDC617276219B200C4F722 /* EPICDetailedViewController.swift */; };
		C2EED8F7274ADCE400E86A1D /* PictureOfEPIC.swift in Sources */ = {isa = PBXBuildFile; fileRef = C2EED8F6274ADCE400E86A1D /* PictureOfEPIC.swift */; };
		C2EED8F9274AF63100E86A1D /* EPICObjectCell.swift in Sources */ = {isa = PBXBuildFile; fileRef = C2EED8F8274AF63100E86A1D /* EPICObjectCell.swift */; };
		C2F2DFE42752304800AAD03C /* NetworkManager.swift in Sources */ = {isa = PBXBuildFile; fileRef = C2F2DFE32752304800AAD03C /* NetworkManager.swift */; };
		C2F2DFE62752335400AAD03C /* Constants.swift in Sources */ = {isa = PBXBuildFile; fileRef = C2F2DFE52752335400AAD03C /* Constants.swift */; };
		C2F2DFE827540A5D00AAD03C /* Extension + UIView.swift in Sources */ = {isa = PBXBuildFile; fileRef = C2F2DFE727540A5D00AAD03C /* Extension + UIView.swift */; };
/* End PBXBuildFile section */

/* Begin PBXFileReference section */
		8370DFB88A0EE15AE412F639 /* Pods-InfoNASA.debug.xcconfig */ = {isa = PBXFileReference; includeInIndex = 1; lastKnownFileType = text.xcconfig; name = "Pods-InfoNASA.debug.xcconfig"; path = "Target Support Files/Pods-InfoNASA/Pods-InfoNASA.debug.xcconfig"; sourceTree = "<group>"; };
		C20E2ABC273D24BB009A194D /* InfoNASA.app */ = {isa = PBXFileReference; explicitFileType = wrapper.application; includeInIndex = 0; path = InfoNASA.app; sourceTree = BUILT_PRODUCTS_DIR; };
		C20E2ABF273D24BB009A194D /* AppDelegate.swift */ = {isa = PBXFileReference; lastKnownFileType = sourcecode.swift; path = AppDelegate.swift; sourceTree = "<group>"; };
		C20E2AC1273D24BB009A194D /* SceneDelegate.swift */ = {isa = PBXFileReference; lastKnownFileType = sourcecode.swift; path = SceneDelegate.swift; sourceTree = "<group>"; };
		C20E2AC6273D24BB009A194D /* Base */ = {isa = PBXFileReference; lastKnownFileType = file.storyboard; name = Base; path = Base.lproj/Main.storyboard; sourceTree = "<group>"; };
		C20E2AC8273D24BC009A194D /* Assets.xcassets */ = {isa = PBXFileReference; lastKnownFileType = folder.assetcatalog; path = Assets.xcassets; sourceTree = "<group>"; };
		C20E2ACB273D24BC009A194D /* Base */ = {isa = PBXFileReference; lastKnownFileType = file.storyboard; name = Base; path = Base.lproj/LaunchScreen.storyboard; sourceTree = "<group>"; };
		C20E2ACD273D24BC009A194D /* Info.plist */ = {isa = PBXFileReference; lastKnownFileType = text.plist.xml; path = Info.plist; sourceTree = "<group>"; };
		C22A9550275C0069005016FF /* StorageManager.swift */ = {isa = PBXFileReference; lastKnownFileType = sourcecode.swift; path = StorageManager.swift; sourceTree = "<group>"; };
		C22A9552275C22C5005016FF /* CacheManager.swift */ = {isa = PBXFileReference; lastKnownFileType = sourcecode.swift; path = CacheManager.swift; sourceTree = "<group>"; };
		C23ADB4F273D47840090A6C3 /* MainNavigationViewController.swift */ = {isa = PBXFileReference; lastKnownFileType = sourcecode.swift; path = MainNavigationViewController.swift; sourceTree = "<group>"; };
		C23ADB51273D4A790090A6C3 /* TabBarViewController.swift */ = {isa = PBXFileReference; lastKnownFileType = sourcecode.swift; path = TabBarViewController.swift; sourceTree = "<group>"; };
		C23ADB53273DAF2B0090A6C3 /* PODViewController.swift */ = {isa = PBXFileReference; lastKnownFileType = sourcecode.swift; path = PODViewController.swift; sourceTree = "<group>"; };
		C23ADB55273DBFC90090A6C3 /* NEOObjectsListsViewController.swift */ = {isa = PBXFileReference; lastKnownFileType = sourcecode.swift; path = NEOObjectsListsViewController.swift; sourceTree = "<group>"; };
		C23ADB57273DBFF50090A6C3 /* EPICListViewController.swift */ = {isa = PBXFileReference; lastKnownFileType = sourcecode.swift; path = EPICListViewController.swift; sourceTree = "<group>"; };
		C23ADB59273E95FF0090A6C3 /* DataManager.swift */ = {isa = PBXFileReference; lastKnownFileType = sourcecode.swift; path = DataManager.swift; sourceTree = "<group>"; };
		C27FEE8E27463656007D6CE2 /* NEOObject.swift */ = {isa = PBXFileReference; lastKnownFileType = sourcecode.swift; path = NEOObject.swift; sourceTree = "<group>"; };
		C27FEE9027465ACC007D6CE2 /* NEOObjectCell.swift */ = {isa = PBXFileReference; lastKnownFileType = sourcecode.swift; path = NEOObjectCell.swift; sourceTree = "<group>"; };
		C2AEB4612771086D00E8778F /* PODObject.swift */ = {isa = PBXFileReference; lastKnownFileType = sourcecode.swift; path = PODObject.swift; sourceTree = "<group>"; };
		C2AEB4662771091400E8778F /* EPICObject.swift */ = {isa = PBXFileReference; lastKnownFileType = sourcecode.swift; path = EPICObject.swift; sourceTree = "<group>"; };
		C2E92D46277358BA00D82079 /* NEOObjectListViewController.swift */ = {isa = PBXFileReference; lastKnownFileType = sourcecode.swift; path = NEOObjectListViewController.swift; sourceTree = "<group>"; };
		C2E92D4B2774894A00D82079 /* Extension + DateFormatter.swift */ = {isa = PBXFileReference; lastKnownFileType = sourcecode.swift; path = "Extension + DateFormatter.swift"; sourceTree = "<group>"; };
		C2E92D4D2774982800D82079 /* NEOObjectCellButton.swift */ = {isa = PBXFileReference; lastKnownFileType = sourcecode.swift; path = NEOObjectCellButton.swift; sourceTree = "<group>"; };
		C2EDC6152761EDA200C4F722 /* NEOObjectDetailedViewController.swift */ = {isa = PBXFileReference; lastKnownFileType = sourcecode.swift; path = NEOObjectDetailedViewController.swift; sourceTree = "<group>"; };
		C2EDC617276219B200C4F722 /* EPICDetailedViewController.swift */ = {isa = PBXFileReference; lastKnownFileType = sourcecode.swift; path = EPICDetailedViewController.swift; sourceTree = "<group>"; };
		C2EED8F6274ADCE400E86A1D /* PictureOfEPIC.swift */ = {isa = PBXFileReference; lastKnownFileType = sourcecode.swift; path = PictureOfEPIC.swift; sourceTree = "<group>"; };
		C2EED8F8274AF63100E86A1D /* EPICObjectCell.swift */ = {isa = PBXFileReference; lastKnownFileType = sourcecode.swift; path = EPICObjectCell.swift; sourceTree = "<group>"; };
		C2F2DFE32752304800AAD03C /* NetworkManager.swift */ = {isa = PBXFileReference; lastKnownFileType = sourcecode.swift; path = NetworkManager.swift; sourceTree = "<group>"; };
		C2F2DFE52752335400AAD03C /* Constants.swift */ = {isa = PBXFileReference; lastKnownFileType = sourcecode.swift; path = Constants.swift; sourceTree = "<group>"; };
		C2F2DFE727540A5D00AAD03C /* Extension + UIView.swift */ = {isa = PBXFileReference; lastKnownFileType = sourcecode.swift; path = "Extension + UIView.swift"; sourceTree = "<group>"; };
		CA8F97391B0735217C5CC2C9 /* Pods_InfoNASA.framework */ = {isa = PBXFileReference; explicitFileType = wrapper.framework; includeInIndex = 0; path = Pods_InfoNASA.framework; sourceTree = BUILT_PRODUCTS_DIR; };
		D9B20C72E5BD737730994448 /* Pods-InfoNASA.release.xcconfig */ = {isa = PBXFileReference; includeInIndex = 1; lastKnownFileType = text.xcconfig; name = "Pods-InfoNASA.release.xcconfig"; path = "Target Support Files/Pods-InfoNASA/Pods-InfoNASA.release.xcconfig"; sourceTree = "<group>"; };
/* End PBXFileReference section */

/* Begin PBXFrameworksBuildPhase section */
		C20E2AB9273D24BB009A194D /* Frameworks */ = {
			isa = PBXFrameworksBuildPhase;
			buildActionMask = 2147483647;
			files = (
				48F65B793275E0F3F24466FB /* Pods_InfoNASA.framework in Frameworks */,
			);
			runOnlyForDeploymentPostprocessing = 0;
		};
/* End PBXFrameworksBuildPhase section */

/* Begin PBXGroup section */
		8D2C84B6488DB24EF3599E74 /* Frameworks */ = {
			isa = PBXGroup;
			children = (
				CA8F97391B0735217C5CC2C9 /* Pods_InfoNASA.framework */,
			);
			name = Frameworks;
			sourceTree = "<group>";
		};
		AAEF2A749F3176258534B58A /* Pods */ = {
			isa = PBXGroup;
			children = (
				8370DFB88A0EE15AE412F639 /* Pods-InfoNASA.debug.xcconfig */,
				D9B20C72E5BD737730994448 /* Pods-InfoNASA.release.xcconfig */,
			);
			path = Pods;
			sourceTree = "<group>";
		};
		C20E2AB3273D24BB009A194D = {
			isa = PBXGroup;
			children = (
				C20E2ABE273D24BB009A194D /* InfoNASA */,
				C20E2ABD273D24BB009A194D /* Products */,
				AAEF2A749F3176258534B58A /* Pods */,
				8D2C84B6488DB24EF3599E74 /* Frameworks */,
			);
			sourceTree = "<group>";
		};
		C20E2ABD273D24BB009A194D /* Products */ = {
			isa = PBXGroup;
			children = (
				C20E2ABC273D24BB009A194D /* InfoNASA.app */,
			);
			name = Products;
			sourceTree = "<group>";
		};
		C20E2ABE273D24BB009A194D /* InfoNASA */ = {
			isa = PBXGroup;
			children = (
				C2F2DFE927540E4900AAD03C /* Extensions */,
				C20E2AD3273D24FE009A194D /* Models */,
				C20E2AD5273D2510009A194D /* ViewControllers */,
				C20E2AD4273D250B009A194D /* Views */,
				C28D5CF92758A54700020107 /* Storyboards */,
				C20E2AD6273D251A009A194D /* Services */,
				C20E2AD7273D2527009A194D /* Configs */,
				C20E2AC8273D24BC009A194D /* Assets.xcassets */,
				C20E2ACD273D24BC009A194D /* Info.plist */,
			);
			path = InfoNASA;
			sourceTree = "<group>";
		};
		C20E2AD3273D24FE009A194D /* Models */ = {
			isa = PBXGroup;
			children = (
				C2AEB465277108F600E8778F /* Parsing */,
				C2AEB4612771086D00E8778F /* PODObject.swift */,
				C27FEE8E27463656007D6CE2 /* NEOObject.swift */,
				C2AEB4662771091400E8778F /* EPICObject.swift */,
			);
			path = Models;
			sourceTree = "<group>";
		};
		C20E2AD4273D250B009A194D /* Views */ = {
			isa = PBXGroup;
			children = (
				C27FEE9027465ACC007D6CE2 /* NEOObjectCell.swift */,
				C2E92D4D2774982800D82079 /* NEOObjectCellButton.swift */,
				C2EED8F8274AF63100E86A1D /* EPICObjectCell.swift */,
			);
			path = Views;
			sourceTree = "<group>";
		};
		C20E2AD5273D2510009A194D /* ViewControllers */ = {
			isa = PBXGroup;
			children = (
				C23ADB4F273D47840090A6C3 /* MainNavigationViewController.swift */,
				C23ADB51273D4A790090A6C3 /* TabBarViewController.swift */,
				C23ADB53273DAF2B0090A6C3 /* PODViewController.swift */,
				C23ADB55273DBFC90090A6C3 /* NEOObjectsListsViewController.swift */,
				C2E92D46277358BA00D82079 /* NEOObjectListViewController.swift */,
				C2EDC6152761EDA200C4F722 /* NEOObjectDetailedViewController.swift */,
				C23ADB57273DBFF50090A6C3 /* EPICListViewController.swift */,
				C2EDC617276219B200C4F722 /* EPICDetailedViewController.swift */,
			);
			path = ViewControllers;
			sourceTree = "<group>";
		};
		C20E2AD6273D251A009A194D /* Services */ = {
			isa = PBXGroup;
			children = (
				C2F2DFE32752304800AAD03C /* NetworkManager.swift */,
				C22A9552275C22C5005016FF /* CacheManager.swift */,
				C22A9550275C0069005016FF /* StorageManager.swift */,
				C23ADB59273E95FF0090A6C3 /* DataManager.swift */,
			);
			path = Services;
			sourceTree = "<group>";
		};
		C20E2AD7273D2527009A194D /* Configs */ = {
			isa = PBXGroup;
			children = (
				C2F2DFE52752335400AAD03C /* Constants.swift */,
				C20E2ABF273D24BB009A194D /* AppDelegate.swift */,
				C20E2AC1273D24BB009A194D /* SceneDelegate.swift */,
			);
			path = Configs;
			sourceTree = "<group>";
		};
		C28D5CF92758A54700020107 /* Storyboards */ = {
			isa = PBXGroup;
			children = (
				C20E2AC5273D24BB009A194D /* Main.storyboard */,
				C20E2ACA273D24BC009A194D /* LaunchScreen.storyboard */,
			);
			path = Storyboards;
			sourceTree = "<group>";
		};
		C2AEB465277108F600E8778F /* Parsing */ = {
			isa = PBXGroup;
			children = (
				C2EED8F6274ADCE400E86A1D /* PictureOfEPIC.swift */,
			);
			path = Parsing;
			sourceTree = "<group>";
		};
		C2F2DFE927540E4900AAD03C /* Extensions */ = {
			isa = PBXGroup;
			children = (
				C2F2DFE727540A5D00AAD03C /* Extension + UIView.swift */,
				C2E92D4B2774894A00D82079 /* Extension + DateFormatter.swift */,
			);
			path = Extensions;
			sourceTree = "<group>";
		};
/* End PBXGroup section */

/* Begin PBXNativeTarget section */
		C20E2ABB273D24BB009A194D /* InfoNASA */ = {
			isa = PBXNativeTarget;
			buildConfigurationList = C20E2AD0273D24BC009A194D /* Build configuration list for PBXNativeTarget "InfoNASA" */;
			buildPhases = (
				863277804217FE661491A181 /* [CP] Check Pods Manifest.lock */,
				C20E2AB8273D24BB009A194D /* Sources */,
				C20E2AB9273D24BB009A194D /* Frameworks */,
				C20E2ABA273D24BB009A194D /* Resources */,
				86A7288F83C2C3257DDD280B /* [CP] Embed Pods Frameworks */,
			);
			buildRules = (
			);
			dependencies = (
			);
			name = InfoNASA;
			productName = InfoNASA;
			productReference = C20E2ABC273D24BB009A194D /* InfoNASA.app */;
			productType = "com.apple.product-type.application";
		};
/* End PBXNativeTarget section */

/* Begin PBXProject section */
		C20E2AB4273D24BB009A194D /* Project object */ = {
			isa = PBXProject;
			attributes = {
				BuildIndependentTargetsInParallel = 1;
				LastSwiftUpdateCheck = 1310;
				LastUpgradeCheck = 1310;
				TargetAttributes = {
					C20E2ABB273D24BB009A194D = {
						CreatedOnToolsVersion = 13.1;
					};
				};
			};
			buildConfigurationList = C20E2AB7273D24BB009A194D /* Build configuration list for PBXProject "InfoNASA" */;
			compatibilityVersion = "Xcode 13.0";
			developmentRegion = en;
			hasScannedForEncodings = 0;
			knownRegions = (
				en,
				Base,
			);
			mainGroup = C20E2AB3273D24BB009A194D;
			productRefGroup = C20E2ABD273D24BB009A194D /* Products */;
			projectDirPath = "";
			projectRoot = "";
			targets = (
				C20E2ABB273D24BB009A194D /* InfoNASA */,
			);
		};
/* End PBXProject section */

/* Begin PBXResourcesBuildPhase section */
		C20E2ABA273D24BB009A194D /* Resources */ = {
			isa = PBXResourcesBuildPhase;
			buildActionMask = 2147483647;
			files = (
				C20E2ACC273D24BC009A194D /* LaunchScreen.storyboard in Resources */,
				C20E2AC9273D24BC009A194D /* Assets.xcassets in Resources */,
				C20E2AC7273D24BB009A194D /* Main.storyboard in Resources */,
			);
			runOnlyForDeploymentPostprocessing = 0;
		};
/* End PBXResourcesBuildPhase section */

/* Begin PBXShellScriptBuildPhase section */
		863277804217FE661491A181 /* [CP] Check Pods Manifest.lock */ = {
			isa = PBXShellScriptBuildPhase;
			buildActionMask = 2147483647;
			files = (
			);
			inputFileListPaths = (
			);
			inputPaths = (
				"${PODS_PODFILE_DIR_PATH}/Podfile.lock",
				"${PODS_ROOT}/Manifest.lock",
			);
			name = "[CP] Check Pods Manifest.lock";
			outputFileListPaths = (
			);
			outputPaths = (
				"$(DERIVED_FILE_DIR)/Pods-InfoNASA-checkManifestLockResult.txt",
			);
			runOnlyForDeploymentPostprocessing = 0;
			shellPath = /bin/sh;
			shellScript = "diff \"${PODS_PODFILE_DIR_PATH}/Podfile.lock\" \"${PODS_ROOT}/Manifest.lock\" > /dev/null\nif [ $? != 0 ] ; then\n    # print error to STDERR\n    echo \"error: The sandbox is not in sync with the Podfile.lock. Run 'pod install' or update your CocoaPods installation.\" >&2\n    exit 1\nfi\n# This output is used by Xcode 'outputs' to avoid re-running this script phase.\necho \"SUCCESS\" > \"${SCRIPT_OUTPUT_FILE_0}\"\n";
			showEnvVarsInLog = 0;
		};
		86A7288F83C2C3257DDD280B /* [CP] Embed Pods Frameworks */ = {
			isa = PBXShellScriptBuildPhase;
			buildActionMask = 2147483647;
			files = (
			);
			inputFileListPaths = (
				"${PODS_ROOT}/Target Support Files/Pods-InfoNASA/Pods-InfoNASA-frameworks-${CONFIGURATION}-input-files.xcfilelist",
			);
			name = "[CP] Embed Pods Frameworks";
			outputFileListPaths = (
				"${PODS_ROOT}/Target Support Files/Pods-InfoNASA/Pods-InfoNASA-frameworks-${CONFIGURATION}-output-files.xcfilelist",
			);
			runOnlyForDeploymentPostprocessing = 0;
			shellPath = /bin/sh;
			shellScript = "\"${PODS_ROOT}/Target Support Files/Pods-InfoNASA/Pods-InfoNASA-frameworks.sh\"\n";
			showEnvVarsInLog = 0;
		};
/* End PBXShellScriptBuildPhase section */

/* Begin PBXSourcesBuildPhase section */
		C20E2AB8273D24BB009A194D /* Sources */ = {
			isa = PBXSourcesBuildPhase;
			buildActionMask = 2147483647;
			files = (
				C2AEB4672771091400E8778F /* EPICObject.swift in Sources */,
				C20E2AC0273D24BB009A194D /* AppDelegate.swift in Sources */,
				C2E92D47277358BA00D82079 /* NEOObjectListViewController.swift in Sources */,
				C2EDC618276219B200C4F722 /* EPICDetailedViewController.swift in Sources */,
				C2E92D4C2774894A00D82079 /* Extension + DateFormatter.swift in Sources */,
				C2EED8F7274ADCE400E86A1D /* PictureOfEPIC.swift in Sources */,
				C27FEE8F27463656007D6CE2 /* NEOObject.swift in Sources */,
				C22A9551275C0069005016FF /* StorageManager.swift in Sources */,
				C2EED8F9274AF63100E86A1D /* EPICObjectCell.swift in Sources */,
				C2E92D4E2774982800D82079 /* NEOObjectCellButton.swift in Sources */,
				C23ADB5A273E95FF0090A6C3 /* DataManager.swift in Sources */,
				C2F2DFE62752335400AAD03C /* Constants.swift in Sources */,
				C20E2AC2273D24BB009A194D /* SceneDelegate.swift in Sources */,
				C23ADB56273DBFC90090A6C3 /* NEOObjectsListsViewController.swift in Sources */,
				C23ADB54273DAF2B0090A6C3 /* PODViewController.swift in Sources */,
				C2AEB4622771086D00E8778F /* PODObject.swift in Sources */,
				C23ADB50273D47840090A6C3 /* MainNavigationViewController.swift in Sources */,
				C2F2DFE827540A5D00AAD03C /* Extension + UIView.swift in Sources */,
				C22A9553275C22C5005016FF /* CacheManager.swift in Sources */,
				C23ADB58273DBFF50090A6C3 /* EPICListViewController.swift in Sources */,
				C2F2DFE42752304800AAD03C /* NetworkManager.swift in Sources */,
				C2EDC6162761EDA200C4F722 /* NEOObjectDetailedViewController.swift in Sources */,
				C23ADB52273D4A790090A6C3 /* TabBarViewController.swift in Sources */,
				C27FEE9127465ACC007D6CE2 /* NEOObjectCell.swift in Sources */,
			);
			runOnlyForDeploymentPostprocessing = 0;
		};
/* End PBXSourcesBuildPhase section */

/* Begin PBXVariantGroup section */
		C20E2AC5273D24BB009A194D /* Main.storyboard */ = {
			isa = PBXVariantGroup;
			children = (
				C20E2AC6273D24BB009A194D /* Base */,
			);
			name = Main.storyboard;
			sourceTree = "<group>";
		};
		C20E2ACA273D24BC009A194D /* LaunchScreen.storyboard */ = {
			isa = PBXVariantGroup;
			children = (
				C20E2ACB273D24BC009A194D /* Base */,
			);
			name = LaunchScreen.storyboard;
			sourceTree = "<group>";
		};
/* End PBXVariantGroup section */

/* Begin XCBuildConfiguration section */
		C20E2ACE273D24BC009A194D /* Debug */ = {
			isa = XCBuildConfiguration;
			buildSettings = {
				ALWAYS_SEARCH_USER_PATHS = NO;
				CLANG_ANALYZER_NONNULL = YES;
				CLANG_ANALYZER_NUMBER_OBJECT_CONVERSION = YES_AGGRESSIVE;
				CLANG_CXX_LANGUAGE_STANDARD = "gnu++17";
				CLANG_CXX_LIBRARY = "libc++";
				CLANG_ENABLE_MODULES = YES;
				CLANG_ENABLE_OBJC_ARC = YES;
				CLANG_ENABLE_OBJC_WEAK = YES;
				CLANG_WARN_BLOCK_CAPTURE_AUTORELEASING = YES;
				CLANG_WARN_BOOL_CONVERSION = YES;
				CLANG_WARN_COMMA = YES;
				CLANG_WARN_CONSTANT_CONVERSION = YES;
				CLANG_WARN_DEPRECATED_OBJC_IMPLEMENTATIONS = YES;
				CLANG_WARN_DIRECT_OBJC_ISA_USAGE = YES_ERROR;
				CLANG_WARN_DOCUMENTATION_COMMENTS = YES;
				CLANG_WARN_EMPTY_BODY = YES;
				CLANG_WARN_ENUM_CONVERSION = YES;
				CLANG_WARN_INFINITE_RECURSION = YES;
				CLANG_WARN_INT_CONVERSION = YES;
				CLANG_WARN_NON_LITERAL_NULL_CONVERSION = YES;
				CLANG_WARN_OBJC_IMPLICIT_RETAIN_SELF = YES;
				CLANG_WARN_OBJC_LITERAL_CONVERSION = YES;
				CLANG_WARN_OBJC_ROOT_CLASS = YES_ERROR;
				CLANG_WARN_QUOTED_INCLUDE_IN_FRAMEWORK_HEADER = YES;
				CLANG_WARN_RANGE_LOOP_ANALYSIS = YES;
				CLANG_WARN_STRICT_PROTOTYPES = YES;
				CLANG_WARN_SUSPICIOUS_MOVE = YES;
				CLANG_WARN_UNGUARDED_AVAILABILITY = YES_AGGRESSIVE;
				CLANG_WARN_UNREACHABLE_CODE = YES;
				CLANG_WARN__DUPLICATE_METHOD_MATCH = YES;
				COPY_PHASE_STRIP = NO;
				DEBUG_INFORMATION_FORMAT = dwarf;
				ENABLE_STRICT_OBJC_MSGSEND = YES;
				ENABLE_TESTABILITY = YES;
				GCC_C_LANGUAGE_STANDARD = gnu11;
				GCC_DYNAMIC_NO_PIC = NO;
				GCC_NO_COMMON_BLOCKS = YES;
				GCC_OPTIMIZATION_LEVEL = 0;
				GCC_PREPROCESSOR_DEFINITIONS = (
					"DEBUG=1",
					"$(inherited)",
				);
				GCC_WARN_64_TO_32_BIT_CONVERSION = YES;
				GCC_WARN_ABOUT_RETURN_TYPE = YES_ERROR;
				GCC_WARN_UNDECLARED_SELECTOR = YES;
				GCC_WARN_UNINITIALIZED_AUTOS = YES_AGGRESSIVE;
				GCC_WARN_UNUSED_FUNCTION = YES;
				GCC_WARN_UNUSED_VARIABLE = YES;
				IPHONEOS_DEPLOYMENT_TARGET = 15.0;
				MTL_ENABLE_DEBUG_INFO = INCLUDE_SOURCE;
				MTL_FAST_MATH = YES;
				ONLY_ACTIVE_ARCH = YES;
				SDKROOT = iphoneos;
				SWIFT_ACTIVE_COMPILATION_CONDITIONS = DEBUG;
				SWIFT_OPTIMIZATION_LEVEL = "-Onone";
			};
			name = Debug;
		};
		C20E2ACF273D24BC009A194D /* Release */ = {
			isa = XCBuildConfiguration;
			buildSettings = {
				ALWAYS_SEARCH_USER_PATHS = NO;
				CLANG_ANALYZER_NONNULL = YES;
				CLANG_ANALYZER_NUMBER_OBJECT_CONVERSION = YES_AGGRESSIVE;
				CLANG_CXX_LANGUAGE_STANDARD = "gnu++17";
				CLANG_CXX_LIBRARY = "libc++";
				CLANG_ENABLE_MODULES = YES;
				CLANG_ENABLE_OBJC_ARC = YES;
				CLANG_ENABLE_OBJC_WEAK = YES;
				CLANG_WARN_BLOCK_CAPTURE_AUTORELEASING = YES;
				CLANG_WARN_BOOL_CONVERSION = YES;
				CLANG_WARN_COMMA = YES;
				CLANG_WARN_CONSTANT_CONVERSION = YES;
				CLANG_WARN_DEPRECATED_OBJC_IMPLEMENTATIONS = YES;
				CLANG_WARN_DIRECT_OBJC_ISA_USAGE = YES_ERROR;
				CLANG_WARN_DOCUMENTATION_COMMENTS = YES;
				CLANG_WARN_EMPTY_BODY = YES;
				CLANG_WARN_ENUM_CONVERSION = YES;
				CLANG_WARN_INFINITE_RECURSION = YES;
				CLANG_WARN_INT_CONVERSION = YES;
				CLANG_WARN_NON_LITERAL_NULL_CONVERSION = YES;
				CLANG_WARN_OBJC_IMPLICIT_RETAIN_SELF = YES;
				CLANG_WARN_OBJC_LITERAL_CONVERSION = YES;
				CLANG_WARN_OBJC_ROOT_CLASS = YES_ERROR;
				CLANG_WARN_QUOTED_INCLUDE_IN_FRAMEWORK_HEADER = YES;
				CLANG_WARN_RANGE_LOOP_ANALYSIS = YES;
				CLANG_WARN_STRICT_PROTOTYPES = YES;
				CLANG_WARN_SUSPICIOUS_MOVE = YES;
				CLANG_WARN_UNGUARDED_AVAILABILITY = YES_AGGRESSIVE;
				CLANG_WARN_UNREACHABLE_CODE = YES;
				CLANG_WARN__DUPLICATE_METHOD_MATCH = YES;
				COPY_PHASE_STRIP = NO;
				DEBUG_INFORMATION_FORMAT = "dwarf-with-dsym";
				ENABLE_NS_ASSERTIONS = NO;
				ENABLE_STRICT_OBJC_MSGSEND = YES;
				GCC_C_LANGUAGE_STANDARD = gnu11;
				GCC_NO_COMMON_BLOCKS = YES;
				GCC_WARN_64_TO_32_BIT_CONVERSION = YES;
				GCC_WARN_ABOUT_RETURN_TYPE = YES_ERROR;
				GCC_WARN_UNDECLARED_SELECTOR = YES;
				GCC_WARN_UNINITIALIZED_AUTOS = YES_AGGRESSIVE;
				GCC_WARN_UNUSED_FUNCTION = YES;
				GCC_WARN_UNUSED_VARIABLE = YES;
				IPHONEOS_DEPLOYMENT_TARGET = 15.0;
				MTL_ENABLE_DEBUG_INFO = NO;
				MTL_FAST_MATH = YES;
				SDKROOT = iphoneos;
				SWIFT_COMPILATION_MODE = wholemodule;
				SWIFT_OPTIMIZATION_LEVEL = "-O";
				VALIDATE_PRODUCT = YES;
			};
			name = Release;
		};
		C20E2AD1273D24BC009A194D /* Debug */ = {
			isa = XCBuildConfiguration;
			baseConfigurationReference = 8370DFB88A0EE15AE412F639 /* Pods-InfoNASA.debug.xcconfig */;
			buildSettings = {
				ASSETCATALOG_COMPILER_APPICON_NAME = AppIcon;
				ASSETCATALOG_COMPILER_GLOBAL_ACCENT_COLOR_NAME = AccentColor;
				CODE_SIGN_STYLE = Automatic;
				CURRENT_PROJECT_VERSION = 1;
				DEVELOPMENT_TEAM = L4VQRX6KUP;
				GENERATE_INFOPLIST_FILE = YES;
				INFOPLIST_FILE = InfoNASA/Info.plist;
				INFOPLIST_KEY_UIApplicationSupportsIndirectInputEvents = YES;
				INFOPLIST_KEY_UILaunchStoryboardName = LaunchScreen;
				INFOPLIST_KEY_UIMainStoryboardFile = Main;
				INFOPLIST_KEY_UISupportedInterfaceOrientations_iPad = "UIInterfaceOrientationPortrait UIInterfaceOrientationPortraitUpsideDown UIInterfaceOrientationLandscapeLeft UIInterfaceOrientationLandscapeRight";
				INFOPLIST_KEY_UISupportedInterfaceOrientations_iPhone = "UIInterfaceOrientationPortrait UIInterfaceOrientationLandscapeLeft UIInterfaceOrientationLandscapeRight";
				LD_RUNPATH_SEARCH_PATHS = (
					"$(inherited)",
					"@executable_path/Frameworks",
				);
				MARKETING_VERSION = 1.0;
				PRODUCT_BUNDLE_IDENTIFIER = com.sbuinovsky.InfoNASA;
				PRODUCT_NAME = "$(TARGET_NAME)";
				SWIFT_EMIT_LOC_STRINGS = YES;
				SWIFT_VERSION = 5.0;
				TARGETED_DEVICE_FAMILY = "1,2";
			};
			name = Debug;
		};
		C20E2AD2273D24BC009A194D /* Release */ = {
			isa = XCBuildConfiguration;
			baseConfigurationReference = D9B20C72E5BD737730994448 /* Pods-InfoNASA.release.xcconfig */;
			buildSettings = {
				ASSETCATALOG_COMPILER_APPICON_NAME = AppIcon;
				ASSETCATALOG_COMPILER_GLOBAL_ACCENT_COLOR_NAME = AccentColor;
				CODE_SIGN_STYLE = Automatic;
				CURRENT_PROJECT_VERSION = 1;
				DEVELOPMENT_TEAM = L4VQRX6KUP;
				GENERATE_INFOPLIST_FILE = YES;
				INFOPLIST_FILE = InfoNASA/Info.plist;
				INFOPLIST_KEY_UIApplicationSupportsIndirectInputEvents = YES;
				INFOPLIST_KEY_UILaunchStoryboardName = LaunchScreen;
				INFOPLIST_KEY_UIMainStoryboardFile = Main;
				INFOPLIST_KEY_UISupportedInterfaceOrientations_iPad = "UIInterfaceOrientationPortrait UIInterfaceOrientationPortraitUpsideDown UIInterfaceOrientationLandscapeLeft UIInterfaceOrientationLandscapeRight";
				INFOPLIST_KEY_UISupportedInterfaceOrientations_iPhone = "UIInterfaceOrientationPortrait UIInterfaceOrientationLandscapeLeft UIInterfaceOrientationLandscapeRight";
				LD_RUNPATH_SEARCH_PATHS = (
					"$(inherited)",
					"@executable_path/Frameworks",
				);
				MARKETING_VERSION = 1.0;
				PRODUCT_BUNDLE_IDENTIFIER = com.sbuinovsky.InfoNASA;
				PRODUCT_NAME = "$(TARGET_NAME)";
				SWIFT_EMIT_LOC_STRINGS = YES;
				SWIFT_VERSION = 5.0;
				TARGETED_DEVICE_FAMILY = "1,2";
			};
			name = Release;
		};
/* End XCBuildConfiguration section */

/* Begin XCConfigurationList section */
		C20E2AB7273D24BB009A194D /* Build configuration list for PBXProject "InfoNASA" */ = {
			isa = XCConfigurationList;
			buildConfigurations = (
				C20E2ACE273D24BC009A194D /* Debug */,
				C20E2ACF273D24BC009A194D /* Release */,
			);
			defaultConfigurationIsVisible = 0;
			defaultConfigurationName = Release;
		};
		C20E2AD0273D24BC009A194D /* Build configuration list for PBXNativeTarget "InfoNASA" */ = {
			isa = XCConfigurationList;
			buildConfigurations = (
				C20E2AD1273D24BC009A194D /* Debug */,
				C20E2AD2273D24BC009A194D /* Release */,
			);
			defaultConfigurationIsVisible = 0;
			defaultConfigurationName = Release;
		};
/* End XCConfigurationList section */
	};
	rootObject = C20E2AB4273D24BB009A194D /* Project object */;
}
